
Microsoft Visual Studio Solution File, Format Version 12.00
# Visual Studio Version 17
VisualStudioVersion = 17.7.34031.279
MinimumVisualStudioVersion = 10.0.40219.1
Project("{FAE04EC0-301F-11D3-BF4B-00C04F79EFBC}") = "18 Constructor", "18 Constructor\18 Constructor.csproj", "{DA233CD3-4573-46EB-90DC-26DD04C81199}"
EndProject
Global
	GlobalSection(SolutionConfigurationPlatforms) = preSolution
		Debug|Any CPU = Debug|Any CPU
		Release|Any CPU = Release|Any CPU
	EndGlobalSection
	GlobalSection(ProjectConfigurationPlatforms) = postSolution
		{DA233CD3-4573-46EB-90DC-26DD04C81199}.Debug|Any CPU.ActiveCfg = Debug|Any CPU
		{DA233CD3-4573-46EB-90DC-26DD04C81199}.Debug|Any CPU.Build.0 = Debug|Any CPU
		{DA233CD3-4573-46EB-90DC-26DD04C81199}.Release|Any CPU.ActiveCfg = Release|Any CPU
		{DA233CD3-4573-46EB-90DC-26DD04C81199}.Release|Any CPU.Build.0 = Release|Any CPU
	EndGlobalSection
	GlobalSection(SolutionProperties) = preSolution
		HideSolutionNode = FALSE
	EndGlobalSection
	GlobalSection(ExtensibilityGlobals) = postSolution
		SolutionGuid = {6D200CB2-0FF3-4D21-80CE-4985A268A8EE}
	EndGlobalSection
EndGlobal
